
Microsoft Visual Studio Solution File, Format Version 12.00
# Visual Studio 15
Project("{FAE04EC0-301F-11D3-BF4B-00C04F79EFBC}") = "Assembly-CSharp", "Assembly-CSharp.csproj", "{61A39CBD-BF1A-ABB9-7EB6-C0900D3C671C}"
EndProject
Project("{FAE04EC0-301F-11D3-BF4B-00C04F79EFBC}") = "Assembly-CSharp-Editor", "Assembly-CSharp-Editor.csproj", "{684A38AD-9367-4339-0574-81183355D5E0}"
EndProject
Global
	GlobalSection(SolutionConfigurationPlatforms) = preSolution
		Debug|Any CPU = Debug|Any CPU
		Release|Any CPU = Release|Any CPU
	EndGlobalSection
	GlobalSection(ProjectConfigurationPlatforms) = postSolution
		{61A39CBD-BF1A-ABB9-7EB6-C0900D3C671C}.Debug|Any CPU.ActiveCfg = Debug|Any CPU
		{61A39CBD-BF1A-ABB9-7EB6-C0900D3C671C}.Debug|Any CPU.Build.0 = Debug|Any CPU
		{61A39CBD-BF1A-ABB9-7EB6-C0900D3C671C}.Release|Any CPU.ActiveCfg = Release|Any CPU
		{61A39CBD-BF1A-ABB9-7EB6-C0900D3C671C}.Release|Any CPU.Build.0 = Release|Any CPU
		{684A38AD-9367-4339-0574-81183355D5E0}.Debug|Any CPU.ActiveCfg = Debug|Any CPU
		{684A38AD-9367-4339-0574-81183355D5E0}.Debug|Any CPU.Build.0 = Debug|Any CPU
		{684A38AD-9367-4339-0574-81183355D5E0}.Release|Any CPU.ActiveCfg = Release|Any CPU
		{684A38AD-9367-4339-0574-81183355D5E0}.Release|Any CPU.Build.0 = Release|Any CPU
	EndGlobalSection
	GlobalSection(SolutionProperties) = preSolution
		HideSolutionNode = FALSE
	EndGlobalSection
EndGlobal
